
Microsoft Visual Studio Solution File, Format Version 12.00
# Visual Studio 2013
VisualStudioVersion = 12.0.31101.0
MinimumVisualStudioVersion = 10.0.40219.1
Project("{FAE04EC0-301F-11D3-BF4B-00C04F79EFBC}") = "VC.iOS", "VC.iOS\VC.iOS.csproj", "{6C5BA1EF-76D7-4C86-8773-6D9BAC58A0BD}"
EndProject
Global
	GlobalSection(SolutionConfigurationPlatforms) = preSolution
		Ad-Hoc|iPhone = Ad-Hoc|iPhone
		Ad-Hoc|iPhoneSimulator = Ad-Hoc|iPhoneSimulator
		AppStore|iPhone = AppStore|iPhone
		AppStore|iPhoneSimulator = AppStore|iPhoneSimulator
		Debug|iPhone = Debug|iPhone
		Debug|iPhoneSimulator = Debug|iPhoneSimulator
		Release|iPhone = Release|iPhone
		Release|iPhoneSimulator = Release|iPhoneSimulator
	EndGlobalSection
	GlobalSection(ProjectConfigurationPlatforms) = postSolution
		{6C5BA1EF-76D7-4C86-8773-6D9BAC58A0BD}.Ad-Hoc|iPhone.ActiveCfg = Ad-Hoc|iPhone
		{6C5BA1EF-76D7-4C86-8773-6D9BAC58A0BD}.Ad-Hoc|iPhone.Build.0 = Ad-Hoc|iPhone
		{6C5BA1EF-76D7-4C86-8773-6D9BAC58A0BD}.Ad-Hoc|iPhoneSimulator.ActiveCfg = Ad-Hoc|iPhoneSimulator
		{6C5BA1EF-76D7-4C86-8773-6D9BAC58A0BD}.Ad-Hoc|iPhoneSimulator.Build.0 = Ad-Hoc|iPhoneSimulator
		{6C5BA1EF-76D7-4C86-8773-6D9BAC58A0BD}.AppStore|iPhone.ActiveCfg = AppStore|iPhone
		{6C5BA1EF-76D7-4C86-8773-6D9BAC58A0BD}.AppStore|iPhone.Build.0 = AppStore|iPhone
		{6C5BA1EF-76D7-4C86-8773-6D9BAC58A0BD}.AppStore|iPhoneSimulator.ActiveCfg = AppStore|iPhoneSimulator
		{6C5BA1EF-76D7-4C86-8773-6D9BAC58A0BD}.AppStore|iPhoneSimulator.Build.0 = AppStore|iPhoneSimulator
		{6C5BA1EF-76D7-4C86-8773-6D9BAC58A0BD}.Debug|iPhone.ActiveCfg = Debug|iPhone
		{6C5BA1EF-76D7-4C86-8773-6D9BAC58A0BD}.Debug|iPhone.Build.0 = Debug|iPhone
		{6C5BA1EF-76D7-4C86-8773-6D9BAC58A0BD}.Debug|iPhoneSimulator.ActiveCfg = Debug|iPhoneSimulator
		{6C5BA1EF-76D7-4C86-8773-6D9BAC58A0BD}.Debug|iPhoneSimulator.Build.0 = Debug|iPhoneSimulator
		{6C5BA1EF-76D7-4C86-8773-6D9BAC58A0BD}.Release|iPhone.ActiveCfg = Release|iPhone
		{6C5BA1EF-76D7-4C86-8773-6D9BAC58A0BD}.Release|iPhone.Build.0 = Release|iPhone
		{6C5BA1EF-76D7-4C86-8773-6D9BAC58A0BD}.Release|iPhoneSimulator.ActiveCfg = Release|iPhoneSimulator
		{6C5BA1EF-76D7-4C86-8773-6D9BAC58A0BD}.Release|iPhoneSimulator.Build.0 = Release|iPhoneSimulator
	EndGlobalSection
	GlobalSection(SolutionProperties) = preSolution
		HideSolutionNode = FALSE
	EndGlobalSection
EndGlobal
